DEPENDENCIES
  apt
    git: git://github.com/opscode-cookbooks/apt.git
    revision: ac1917c66a9d67fb4a0afeffaa92195b7385887e
  campfire-deployment
    git: git@github.com:pblittle/chef-campfire-deployment.git
    revision: 04b87c0c4ec0d7b38638bfb2690a70169ff06fe5
  certificate
    git: git://github.com/atomic-penguin/cookbook-certificate.git
    revision: 9e595e65463b2b904f115417dd44625cc1408067
  logrotate
    git: git://github.com/stevendanna/logrotate.git
    revision: c8df8488d69c1d0a783a7115933a8c719ccd1798
  minitest-handler
    git: git://github.com/btm/minitest-handler-cookbook.git
    revision: 00ce9c9c49a83bbf7d5cfa92a1aa2f147df60f36
  monit
    git: git://github.com/phlipper/chef-monit.git
    revision: 8eed614112a2078a6c3ba4d488c5d44252bbadc1
  mysql
    git: git://github.com/opscode-cookbooks/mysql.git
    revision: 4b70e99730ab4a7ce6c1dd7a35654a764fb6e0fe
  newrelic-deployment
    git: git@github.com:pblittle/chef-newrelic-deployment.git
    revision: ecf9ff6ee7fef60ae72f0d50318a3a1c1a25f399
  nginx
    git: git@github.com:opscode-cookbooks/nginx.git
    revision: 506d98cdafe30210157dc90c529b92bae5ce7298
    tag: v2.6.2
  nodejs
    git: git@github.com:mdxp/nodejs-cookbook.git
    revision: e2415cd8c4e03dccf21d7ef6ca31e1c5c81467ca
  postgresql
    git: git://github.com/opscode-cookbooks/postgresql.git
    revision: 3d894a76ccc96d2a5875aee8d9c7380aaecc76da
  pushit
    path: .
    metadata: true
  pushit_test
    path: test/cookbooks/pushit_test
  ruby_build
    git: git://github.com/fnichol/chef-ruby_build.git
    revision: 4d3361995a6953076951693eff1b326ab499fe1e
  runit
    git: git://github.com/opscode-cookbooks/runit.git
    revision: d54b9ade9311c3bdf242c9d6650b9fd761588247
  ssh
    git: git://github.com/markolson/chef-ssh.git
    revision: 08b3c899280ac0730dc97be1121ef28181c3268b
  sudo
    git: git://github.com/opscode-cookbooks/sudo.git
    revision: 8bbdff7302f7a86e18d1a3f029813c665b53b322
  yum
    git: git://github.com/opscode-cookbooks/yum.git
    revision: a42b643c39f04960b9f91bffcb5012473abe206f

GRAPH
  apt (2.4.1)
  aws (2.2.2)
  bluepill (2.3.1)
    rsyslog (>= 0.0.0)
  build-essential (2.0.2)
  campfire-deployment (0.1.20)
  certificate (0.5.3)
  chef_handler (1.1.6)
  curl (2.0.0)
  database (2.2.0)
    aws (>= 0.0.0)
    mysql (>= 5.0.0)
    mysql-chef_gem (>= 0.0.0)
    postgresql (>= 1.0.0)
    xfs (>= 0.0.0)
  dmg (2.2.0)
  git (4.0.2)
    build-essential (>= 0.0.0)
    dmg (>= 0.0.0)
    runit (>= 1.0.0)
    windows (>= 0.0.0)
    yum (~> 3.0)
    yum-epel (>= 0.0.0)
  logrotate (1.5.0)
  minitest-handler (1.2.1)
    chef_handler (>= 0.0.0)
  monit (1.5.2)
    build-essential (>= 0.0.0)
  mysql (5.2.13)
  mysql-chef_gem (0.0.2)
    build-essential (>= 0.0.0)
    mysql (>= 0.0.0)
  newrelic-deployment (0.2.0)
    curl (>= 0.0.0)
  nginx (2.6.2)
    apt (~> 2.2)
    bluepill (~> 2.3)
    build-essential (~> 2.0)
    ohai (~> 1.1)
    runit (~> 1.2)
    yum-epel (~> 0.3)
  nodejs (1.3.0)
    apt (>= 0.0.0)
    build-essential (>= 0.0.0)
    yum-epel (>= 0.0.0)
  ohai (1.1.12)
  openssl (1.1.0)
  partial_search (1.0.8)
  postgresql (3.4.0)
    apt (>= 1.9.0)
    build-essential (>= 0.0.0)
    openssl (>= 0.0.0)
  pushit (0.8.5)
    apt (>= 0.0.0)
    build-essential (>= 0.0.0)
    campfire-deployment (>= 0.0.0)
    certificate (>= 0.0.0)
    database (>= 0.0.0)
    git (>= 0.0.0)
    logrotate (>= 0.0.0)
    monit (>= 0.0.0)
    newrelic-deployment (>= 0.0.0)
    nginx (>= 0.0.0)
    nodejs (>= 0.0.0)
    rsyslog (>= 0.0.0)
    ruby_build (>= 0.0.0)
    runit (>= 0.0.0)
    ssh (>= 0.0.0)
    ssh_known_hosts (>= 0.0.0)
    sudo (>= 0.0.0)
  pushit_test (0.1.0)
    pushit (>= 0.0.0)
  rsyslog (1.12.2)
  ruby_build (0.8.1)
  runit (1.5.11)
    build-essential (>= 0.0.0)
    yum (~> 3.0)
    yum-epel (>= 0.0.0)
  ssh (0.6.6)
  ssh_known_hosts (1.3.2)
    partial_search (>= 0.0.0)
  sudo (2.6.1)
  windows (1.31.0)
    chef_handler (>= 0.0.0)
  xfs (1.1.0)
  yum (3.2.1)
  yum-epel (0.3.6)
    yum (~> 3.0)
